
Microsoft Visual Studio Solution File, Format Version 12.00
# Visual Studio Version 16
VisualStudioVersion = 16.0.29519.181
MinimumVisualStudioVersion = 10.0.40219.1
Project("{FAE04EC0-301F-11D3-BF4B-00C04F79EFBC}") = "TodoApi", "TodoApi\TodoApi.csproj", "{BD2CBD5C-1AB1-44A4-A233-81165F12D653}"
EndProject
Global
	GlobalSection(SolutionConfigurationPlatforms) = preSolution
		Debug|Any CPU = Debug|Any CPU
		Release|Any CPU = Release|Any CPU
	EndGlobalSection
	GlobalSection(ProjectConfigurationPlatforms) = postSolution
		{BD2CBD5C-1AB1-44A4-A233-81165F12D653}.Debug|Any CPU.ActiveCfg = Debug|Any CPU
		{BD2CBD5C-1AB1-44A4-A233-81165F12D653}.Debug|Any CPU.Build.0 = Debug|Any CPU
		{BD2CBD5C-1AB1-44A4-A233-81165F12D653}.Release|Any CPU.ActiveCfg = Release|Any CPU
		{BD2CBD5C-1AB1-44A4-A233-81165F12D653}.Release|Any CPU.Build.0 = Release|Any CPU
	EndGlobalSection
	GlobalSection(SolutionProperties) = preSolution
		HideSolutionNode = FALSE
	EndGlobalSection
	GlobalSection(ExtensibilityGlobals) = postSolution
		SolutionGuid = {0AB6B5E5-1460-4623-A894-B7E3BA32138F}
	EndGlobalSection
EndGlobal
